
Microsoft Visual Studio Solution File, Format Version 12.00
# Visual Studio Version 17
VisualStudioVersion = 17.0.32014.148
MinimumVisualStudioVersion = 10.0.40219.1
Project("{FAE04EC0-301F-11D3-BF4B-00C04F79EFBC}") = "FundCartable", "FundCartable\FundCartable.csproj", "{327D66B4-CC70-4F55-AEA3-93D17C8B887C}"
EndProject
Global
	GlobalSection(SolutionConfigurationPlatforms) = preSolution
		Debug|Any CPU = Debug|Any CPU
		Release|Any CPU = Release|Any CPU
	EndGlobalSection
	GlobalSection(ProjectConfigurationPlatforms) = postSolution
		{327D66B4-CC70-4F55-AEA3-93D17C8B887C}.Debug|Any CPU.ActiveCfg = Debug|Any CPU
		{327D66B4-CC70-4F55-AEA3-93D17C8B887C}.Debug|Any CPU.Build.0 = Debug|Any CPU
		{327D66B4-CC70-4F55-AEA3-93D17C8B887C}.Release|Any CPU.ActiveCfg = Release|Any CPU
		{327D66B4-CC70-4F55-AEA3-93D17C8B887C}.Release|Any CPU.Build.0 = Release|Any CPU
	EndGlobalSection
	GlobalSection(SolutionProperties) = preSolution
		HideSolutionNode = FALSE
	EndGlobalSection
	GlobalSection(ExtensibilityGlobals) = postSolution
		SolutionGuid = {D6F3698A-3236-44B5-A618-73759C065405}
	EndGlobalSection
EndGlobal
